Microsoft Visual Studio Solution File, Format Version 11.00
# Visual Studio 2008

Project("{5A47B5BB-8FF3-4CAB-385F-D1BDF8D6C4A6}") = "GravityDUDE", "Assembly-CSharp.csproj", "{1FB6B78C-8AFA-831A-BC7D-9DAA46B68E7A}"
EndProject
Global
	GlobalSection(SolutionConfigurationPlatforms) = preSolution
		Debug|Any CPU = Debug|Any CPU
		Release|Any CPU = Release|Any CPU
	EndGlobalSection
	GlobalSection(ProjectConfigurationPlatforms) = postSolution
		{1FB6B78C-8AFA-831A-BC7D-9DAA46B68E7A}.Debug|Any CPU.ActiveCfg = Debug|Any CPU
		{1FB6B78C-8AFA-831A-BC7D-9DAA46B68E7A}.Debug|Any CPU.Build.0 = Debug|Any CPU
		{1FB6B78C-8AFA-831A-BC7D-9DAA46B68E7A}.Release|Any CPU.ActiveCfg = Release|Any CPU
		{1FB6B78C-8AFA-831A-BC7D-9DAA46B68E7A}.Release|Any CPU.Build.0 = Release|Any CPU
	EndGlobalSection
	GlobalSection(SolutionProperties) = preSolution
		HideSolutionNode = FALSE
	EndGlobalSection
	GlobalSection(MonoDevelopProperties) = preSolution
		StartupItem = Assembly-CSharp.csproj
	EndGlobalSection
EndGlobal
